
Microsoft Visual Studio Solution File, Format Version 12.00
# Visual Studio Version 17
VisualStudioVersion = 17.4.33213.308
MinimumVisualStudioVersion = 10.0.40219.1
Project("{FAE04EC0-301F-11D3-BF4B-00C04F79EFBC}") = "ui-src", "ui-src\SD-FXUI.csproj", "{BE276484-F06F-418A-9F7C-BE1448545B66}"
EndProject
Global
	GlobalSection(SolutionConfigurationPlatforms) = preSolution
		Debug|Any CPU = Debug|Any CPU
		Release|Any CPU = Release|Any CPU
	EndGlobalSection
	GlobalSection(ProjectConfigurationPlatforms) = postSolution
		{BE276484-F06F-418A-9F7C-BE1448545B66}.Debug|Any CPU.ActiveCfg = Debug|Any CPU
		{BE276484-F06F-418A-9F7C-BE1448545B66}.Debug|Any CPU.Build.0 = Debug|Any CPU
		{BE276484-F06F-418A-9F7C-BE1448545B66}.Release|Any CPU.ActiveCfg = Release|Any CPU
		{BE276484-F06F-418A-9F7C-BE1448545B66}.Release|Any CPU.Build.0 = Release|Any CPU
	EndGlobalSection
	GlobalSection(SolutionProperties) = preSolution
		HideSolutionNode = FALSE
	EndGlobalSection
	GlobalSection(ExtensibilityGlobals) = postSolution
		SolutionGuid = {4CD7F7F5-50EA-4FE5-8F47-E21584D770F8}
	EndGlobalSection
EndGlobal
